// !$*UTF8*$!
{
	archiveVersion = 1;
	classes = {
	};
	objectVersion = 52;
	objects = {

/* Begin PBXBuildFile section */
		30C4372A1FE5478B0054DFE6 /* TimesTablesViewController.swift in Sources */ = {isa = PBXBuildFile; fileRef = 30C437291FE5478B0054DFE6 /* TimesTablesViewController.swift */; };
		30C4372C1FE547DE0054DFE6 /* HomeViewController.swift in Sources */ = {isa = PBXBuildFile; fileRef = 30C4372B1FE547DE0054DFE6 /* HomeViewController.swift */; };
		30C4372E1FE54B170054DFE6 /* Shuffle.swift in Sources */ = {isa = PBXBuildFile; fileRef = 30C4372D1FE54B170054DFE6 /* Shuffle.swift */; };
		30C437321FE551DB0054DFE6 /* ScoreViewController.swift in Sources */ = {isa = PBXBuildFile; fileRef = 30C437311FE551DB0054DFE6 /* ScoreViewController.swift */; };
		30DBFC7C1FE53F8800BB1856 /* AppDelegate.swift in Sources */ = {isa = PBXBuildFile; fileRef = 30DBFC7B1FE53F8800BB1856 /* AppDelegate.swift */; };
		30DBFC7E1FE53F8800BB1856 /* ViewController.swift in Sources */ = {isa = PBXBuildFile; fileRef = 30DBFC7D1FE53F8800BB1856 /* ViewController.swift */; };
		30DBFC811FE53F8800BB1856 /* Main.storyboard in Resources */ = {isa = PBXBuildFile; fileRef = 30DBFC7F1FE53F8800BB1856 /* Main.storyboard */; };
		30DBFC831FE53F8800BB1856 /* Assets.xcassets in Resources */ = {isa = PBXBuildFile; fileRef = 30DBFC821FE53F8800BB1856 /* Assets.xcassets */; };
		30DBFC861FE53F8800BB1856 /* LaunchScreen.storyboard in Resources */ = {isa = PBXBuildFile; fileRef = 30DBFC841FE53F8800BB1856 /* LaunchScreen.storyboard */; };
/* End PBXBuildFile section */

/* Begin PBXFileReference section */
		30C437291FE5478B0054DFE6 /* TimesTablesViewController.swift */ = {isa = PBXFileReference; lastKnownFileType = sourcecode.swift; path = TimesTablesViewController.swift; sourceTree = "<group>"; };
		30C4372B1FE547DE0054DFE6 /* HomeViewController.swift */ = {isa = PBXFileReference; lastKnownFileType = sourcecode.swift; path = HomeViewController.swift; sourceTree = "<group>"; };
		30C4372D1FE54B170054DFE6 /* Shuffle.swift */ = {isa = PBXFileReference; lastKnownFileType = sourcecode.swift; path = Shuffle.swift; sourceTree = "<group>"; };
		30C437311FE551DB0054DFE6 /* ScoreViewController.swift */ = {isa = PBXFileReference; lastKnownFileType = sourcecode.swift; path = ScoreViewController.swift; sourceTree = "<group>"; };
		30DBFC781FE53F8800BB1856 /* TimesTablesTest.app */ = {isa = PBXFileReference; explicitFileType = wrapper.application; includeInIndex = 0; path = TimesTablesTest.app; sourceTree = BUILT_PRODUCTS_DIR; };
		30DBFC7B1FE53F8800BB1856 /* AppDelegate.swift */ = {isa = PBXFileReference; lastKnownFileType = sourcecode.swift; path = AppDelegate.swift; sourceTree = "<group>"; };
		30DBFC7D1FE53F8800BB1856 /* ViewController.swift */ = {isa = PBXFileReference; lastKnownFileType = sourcecode.swift; path = ViewController.swift; sourceTree = "<group>"; };
		30DBFC801FE53F8800BB1856 /* Base */ = {isa = PBXFileReference; lastKnownFileType = file.storyboard; name = Base; path = Base.lproj/Main.storyboard; sourceTree = "<group>"; };
		30DBFC821FE53F8800BB1856 /* Assets.xcassets */ = {isa = PBXFileReference; lastKnownFileType = folder.assetcatalog; path = Assets.xcassets; sourceTree = "<group>"; };
		30DBFC851FE53F8800BB1856 /* Base */ = {isa = PBXFileReference; lastKnownFileType = file.storyboard; name = Base; path = Base.lproj/LaunchScreen.storyboard; sourceTree = "<group>"; };
		30DBFC871FE53F8800BB1856 /* Info.plist */ = {isa = PBXFileReference; lastKnownFileType = text.plist.xml; path = Info.plist; sourceTree = "<group>"; };
/* End PBXFileReference section */

/* Begin PBXFrameworksBuildPhase section */
		30DBFC751FE53F8800BB1856 /* Frameworks */ = {
			isa = PBXFrameworksBuildPhase;
			buildActionMask = 2147483647;
			files = (
			);
			runOnlyForDeploymentPostprocessing = 0;
		};
/* End PBXFrameworksBuildPhase section */

/* Begin PBXGroup section */
		30DBFC6F1FE53F8800BB1856 = {
			isa = PBXGroup;
			children = (
				30DBFC7A1FE53F8800BB1856 /* TimesTablesTest */,
				30DBFC791FE53F8800BB1856 /* Products */,
			);
			sourceTree = "<group>";
		};
		30DBFC791FE53F8800BB1856 /* Products */ = {
			isa = PBXGroup;
			children = (
				30DBFC781FE53F8800BB1856 /* TimesTablesTest.app */,
			);
			name = Products;
			sourceTree = "<group>";
		};
		30DBFC7A1FE53F8800BB1856 /* TimesTablesTest */ = {
			isa = PBXGroup;
			children = (
				30DBFC7B1FE53F8800BB1856 /* AppDelegate.swift */,
				30DBFC7D1FE53F8800BB1856 /* ViewController.swift */,
				30DBFC7F1FE53F8800BB1856 /* Main.storyboard */,
				30C4372B1FE547DE0054DFE6 /* HomeViewController.swift */,
				30DBFC821FE53F8800BB1856 /* Assets.xcassets */,
				30DBFC841FE53F8800BB1856 /* LaunchScreen.storyboard */,
				30DBFC871FE53F8800BB1856 /* Info.plist */,
				30C437291FE5478B0054DFE6 /* TimesTablesViewController.swift */,
				30C4372D1FE54B170054DFE6 /* Shuffle.swift */,
				30C437311FE551DB0054DFE6 /* ScoreViewController.swift */,
			);
			path = TimesTablesTest;
			sourceTree = "<group>";
		};
/* End PBXGroup section */

/* Begin PBXNativeTarget section */
		30DBFC771FE53F8800BB1856 /* TimesTablesTest */ = {
			isa = PBXNativeTarget;
			buildConfigurationList = 30DBFC8A1FE53F8800BB1856 /* Build configuration list for PBXNativeTarget "TimesTablesTest" */;
			buildPhases = (
				30DBFC741FE53F8800BB1856 /* Sources */,
				30DBFC751FE53F8800BB1856 /* Frameworks */,
				30DBFC761FE53F8800BB1856 /* Resources */,
			);
			buildRules = (
			);
			dependencies = (
			);
			name = TimesTablesTest;
			productName = TimesTablesTest;
			productReference = 30DBFC781FE53F8800BB1856 /* TimesTablesTest.app */;
			productType = "com.apple.product-type.application";
		};
/* End PBXNativeTarget section */

/* Begin PBXProject section */
		30DBFC701FE53F8800BB1856 /* Project object */ = {
			isa = PBXProject;
			attributes = {
				LastSwiftUpdateCheck = 0920;
				LastUpgradeCheck = 1220;
				ORGANIZATIONNAME = "Ian Fleeton";
				TargetAttributes = {
					30DBFC771FE53F8800BB1856 = {
						CreatedOnToolsVersion = 9.2;
						LastSwiftMigration = 1140;
						ProvisioningStyle = Automatic;
					};
				};
			};
			buildConfigurationList = 30DBFC731FE53F8800BB1856 /* Build configuration list for PBXProject "TimesTablesTest" */;
			compatibilityVersion = "Xcode 11.0";
			developmentRegion = en;
			hasScannedForEncodings = 0;
			knownRegions = (
				en,
				Base,
			);
			mainGroup = 30DBFC6F1FE53F8800BB1856;
			productRefGroup = 30DBFC791FE53F8800BB1856 /* Products */;
			projectDirPath = "";
			projectRoot = "";
			targets = (
				30DBFC771FE53F8800BB1856 /* TimesTablesTest */,
			);
		};
/* End PBXProject section */

/* Begin PBXResourcesBuildPhase section */
		30DBFC761FE53F8800BB1856 /* Resources */ = {
			isa = PBXResourcesBuildPhase;
			buildActionMask = 2147483647;
			files = (
				30DBFC861FE53F8800BB1856 /* LaunchScreen.storyboard in Resources */,
				30DBFC831FE53F8800BB1856 /* Assets.xcassets in Resources */,
				30DBFC811FE53F8800BB1856 /* Main.storyboard in Resources */,
			);
			runOnlyForDeploymentPostprocessing = 0;
		};
/* End PBXResourcesBuildPhase section */

/* Begin PBXSourcesBuildPhase section */
		30DBFC741FE53F8800BB1856 /* Sources */ = {
			isa = PBXSourcesBuildPhase;
			buildActionMask = 2147483647;
			files = (
				30C4372E1FE54B170054DFE6 /* Shuffle.swift in Sources */,
				30DBFC7E1FE53F8800BB1856 /* ViewController.swift in Sources */,
				30C4372A1FE5478B0054DFE6 /* TimesTablesViewController.swift in Sources */,
				30DBFC7C1FE53F8800BB1856 /* AppDelegate.swift in Sources */,
				30C4372C1FE547DE0054DFE6 /* HomeViewController.swift in Sources */,
				30C437321FE551DB0054DFE6 /* ScoreViewController.swift in Sources */,
			);
			runOnlyForDeploymentPostprocessing = 0;
		};
/* End PBXSourcesBuildPhase section */

/* Begin PBXVariantGroup section */
		30DBFC7F1FE53F8800BB1856 /* Main.storyboard */ = {
			isa = PBXVariantGroup;
			children = (
				30DBFC801FE53F8800BB1856 /* Base */,
			);
			name = Main.storyboard;
			sourceTree = "<group>";
		};
		30DBFC841FE53F8800BB1856 /* LaunchScreen.storyboard */ = {
			isa = PBXVariantGroup;
			children = (
				30DBFC851FE53F8800BB1856 /* Base */,
			);
			name = LaunchScreen.storyboard;
			sourceTree = "<group>";
		};
/* End PBXVariantGroup section */

/* Begin XCBuildConfiguration section */
		30DBFC881FE53F8800BB1856 /* Debug */ = {
			isa = XCBuildConfiguration;
			buildSettings = {
				ALWAYS_SEARCH_USER_PATHS = NO;
				CLANG_ANALYZER_NONNULL = YES;
				CLANG_ANALYZER_NUMBER_OBJECT_CONVERSION = YES_AGGRESSIVE;
				CLANG_CXX_LANGUAGE_STANDARD = "gnu++14";
				CLANG_CXX_LIBRARY = "libc++";
				CLANG_ENABLE_MODULES = YES;
				CLANG_ENABLE_OBJC_ARC = YES;
				CLANG_WARN_BLOCK_CAPTURE_AUTORELEASING = YES;
				CLANG_WARN_BOOL_CONVERSION = YES;
				CLANG_WARN_COMMA = YES;
				CLANG_WARN_CONSTANT_CONVERSION = YES;
				CLANG_WARN_DEPRECATED_OBJC_IMPLEMENTATIONS = YES;
				CLANG_WARN_DIRECT_OBJC_ISA_USAGE = YES_ERROR;
				CLANG_WARN_DOCUMENTATION_COMMENTS = YES;
				CLANG_WARN_EMPTY_BODY = YES;
				CLANG_WARN_ENUM_CONVERSION = YES;
				CLANG_WARN_INFINITE_RECURSION = YES;
				CLANG_WARN_INT_CONVERSION = YES;
				CLANG_WARN_NON_LITERAL_NULL_CONVERSION = YES;
				CLANG_WARN_OBJC_IMPLICIT_RETAIN_SELF = YES;
				CLANG_WARN_OBJC_LITERAL_CONVERSION = YES;
				CLANG_WARN_OBJC_ROOT_CLASS = YES_ERROR;
				CLANG_WARN_QUOTED_INCLUDE_IN_FRAMEWORK_HEADER = YES;
				CLANG_WARN_RANGE_LOOP_ANALYSIS = YES;
				CLANG_WARN_STRICT_PROTOTYPES = YES;
				CLANG_WARN_SUSPICIOUS_MOVE = YES;
				CLANG_WARN_UNGUARDED_AVAILABILITY = YES_AGGRESSIVE;
				CLANG_WARN_UNREACHABLE_CODE = YES;
				CLANG_WARN__DUPLICATE_METHOD_MATCH = YES;
				CODE_SIGN_IDENTITY = "iPhone Developer";
				COPY_PHASE_STRIP = NO;
				DEBUG_INFORMATION_FORMAT = dwarf;
				ENABLE_STRICT_OBJC_MSGSEND = YES;
				ENABLE_TESTABILITY = YES;
				GCC_C_LANGUAGE_STANDARD = gnu11;
				GCC_DYNAMIC_NO_PIC = NO;
				GCC_NO_COMMON_BLOCKS = YES;
				GCC_OPTIMIZATION_LEVEL = 0;
				GCC_PREPROCESSOR_DEFINITIONS = (
					"DEBUG=1",
					"$(inherited)",
				);
				GCC_WARN_64_TO_32_BIT_CONVERSION = YES;
				GCC_WARN_ABOUT_RETURN_TYPE = YES_ERROR;
				GCC_WARN_UNDECLARED_SELECTOR = YES;
				GCC_WARN_UNINITIALIZED_AUTOS = YES_AGGRESSIVE;
				GCC_WARN_UNUSED_FUNCTION = YES;
				GCC_WARN_UNUSED_VARIABLE = YES;
				IPHONEOS_DEPLOYMENT_TARGET = 12.0;
				MTL_ENABLE_DEBUG_INFO = YES;
				ONLY_ACTIVE_ARCH = YES;
				SDKROOT = iphoneos;
				SWIFT_ACTIVE_COMPILATION_CONDITIONS = DEBUG;
				SWIFT_OPTIMIZATION_LEVEL = "-Onone";
			};
			name = Debug;
		};
		30DBFC891FE53F8800BB1856 /* Release */ = {
			isa = XCBuildConfiguration;
			buildSettings = {
				ALWAYS_SEARCH_USER_PATHS = NO;
				CLANG_ANALYZER_NONNULL = YES;
				CLANG_ANALYZER_NUMBER_OBJECT_CONVERSION = YES_AGGRESSIVE;
				CLANG_CXX_LANGUAGE_STANDARD = "gnu++14";
				CLANG_CXX_LIBRARY = "libc++";
				CLANG_ENABLE_MODULES = YES;
				CLANG_ENABLE_OBJC_ARC = YES;
				CLANG_WARN_BLOCK_CAPTURE_AUTORELEASING = YES;
				CLANG_WARN_BOOL_CONVERSION = YES;
				CLANG_WARN_COMMA = YES;
				CLANG_WARN_CONSTANT_CONVERSION = YES;
				CLANG_WARN_DEPRECATED_OBJC_IMPLEMENTATIONS = YES;
				CLANG_WARN_DIRECT_OBJC_ISA_USAGE = YES_ERROR;
				CLANG_WARN_DOCUMENTATION_COMMENTS = YES;
				CLANG_WARN_EMPTY_BODY = YES;
				CLANG_WARN_ENUM_CONVERSION = YES;
				CLANG_WARN_INFINITE_RECURSION = YES;
				CLANG_WARN_INT_CONVERSION = YES;
				CLANG_WARN_NON_LITERAL_NULL_CONVERSION = YES;
				CLANG_WARN_OBJC_IMPLICIT_RETAIN_SELF = YES;
				CLANG_WARN_OBJC_LITERAL_CONVERSION = YES;
				CLANG_WARN_OBJC_ROOT_CLASS = YES_ERROR;
				CLANG_WARN_QUOTED_INCLUDE_IN_FRAMEWORK_HEADER = YES;
				CLANG_WARN_RANGE_LOOP_ANALYSIS = YES;
				CLANG_WARN_STRICT_PROTOTYPES = YES;
				CLANG_WARN_SUSPICIOUS_MOVE = YES;
				CLANG_WARN_UNGUARDED_AVAILABILITY = YES_AGGRESSIVE;
				CLANG_WARN_UNREACHABLE_CODE = YES;
				CLANG_WARN__DUPLICATE_METHOD_MATCH = YES;
				CODE_SIGN_IDENTITY = "iPhone Developer";
				COPY_PHASE_STRIP = NO;
				DEBUG_INFORMATION_FORMAT = "dwarf-with-dsym";
				ENABLE_NS_ASSERTIONS = NO;
				ENABLE_STRICT_OBJC_MSGSEND = YES;
				GCC_C_LANGUAGE_STANDARD = gnu11;
				GCC_NO_COMMON_BLOCKS = YES;
				GCC_WARN_64_TO_32_BIT_CONVERSION = YES;
				GCC_WARN_ABOUT_RETURN_TYPE = YES_ERROR;
				GCC_WARN_UNDECLARED_SELECTOR = YES;
				GCC_WARN_UNINITIALIZED_AUTOS = YES_AGGRESSIVE;
				GCC_WARN_UNUSED_FUNCTION = YES;
				GCC_WARN_UNUSED_VARIABLE = YES;
				IPHONEOS_DEPLOYMENT_TARGET = 12.0;
				MTL_ENABLE_DEBUG_INFO = NO;
				SDKROOT = iphoneos;
				SWIFT_COMPILATION_MODE = wholemodule;
				SWIFT_OPTIMIZATION_LEVEL = "-O";
				VALIDATE_PRODUCT = YES;
			};
			name = Release;
		};
		30DBFC8B1FE53F8800BB1856 /* Debug */ = {
			isa = XCBuildConfiguration;
			buildSettings = {
				ASSETCATALOG_COMPILER_APPICON_NAME = AppIcon;
				CODE_SIGN_STYLE = Automatic;
				CURRENT_PROJECT_VERSION = 4;
				DEVELOPMENT_TEAM = JT8UUECRD3;
				INFOPLIST_FILE = TimesTablesTest/Info.plist;
				IPHONEOS_DEPLOYMENT_TARGET = 13.0;
				LD_RUNPATH_SEARCH_PATHS = (
					"$(inherited)",
					"@executable_path/Frameworks",
				);
				MARKETING_VERSION = 1.0.2;
				PRODUCT_BUNDLE_IDENTIFIER = com.ianfleeton.TimesTablesTest;
				PRODUCT_NAME = "$(TARGET_NAME)";
				SWIFT_VERSION = 5.0;
				TARGETED_DEVICE_FAMILY = "1,2";
			};
			name = Debug;
		};
		30DBFC8C1FE53F8800BB1856 /* Release */ = {
			isa = XCBuildConfiguration;
			buildSettings = {
				ASSETCATALOG_COMPILER_APPICON_NAME = AppIcon;
				CODE_SIGN_STYLE = Automatic;
				CURRENT_PROJECT_VERSION = 4;
				DEVELOPMENT_TEAM = JT8UUECRD3;
				INFOPLIST_FILE = TimesTablesTest/Info.plist;
				IPHONEOS_DEPLOYMENT_TARGET = 13.0;
				LD_RUNPATH_SEARCH_PATHS = (
					"$(inherited)",
					"@executable_path/Frameworks",
				);
				MARKETING_VERSION = 1.0.2;
				PRODUCT_BUNDLE_IDENTIFIER = com.ianfleeton.TimesTablesTest;
				PRODUCT_NAME = "$(TARGET_NAME)";
				SWIFT_VERSION = 5.0;
				TARGETED_DEVICE_FAMILY = "1,2";
			};
			name = Release;
		};
/* End XCBuildConfiguration section */

/* Begin XCConfigurationList section */
		30DBFC731FE53F8800BB1856 /* Build configuration list for PBXProject "TimesTablesTest" */ = {
			isa = XCConfigurationList;
			buildConfigurations = (
				30DBFC881FE53F8800BB1856 /* Debug */,
				30DBFC891FE53F8800BB1856 /* Release */,
			);
			defaultConfigurationIsVisible = 0;
			defaultConfigurationName = Release;
		};
		30DBFC8A1FE53F8800BB1856 /* Build configuration list for PBXNativeTarget "TimesTablesTest" */ = {
			isa = XCConfigurationList;
			buildConfigurations = (
				30DBFC8B1FE53F8800BB1856 /* Debug */,
				30DBFC8C1FE53F8800BB1856 /* Release */,
			);
			defaultConfigurationIsVisible = 0;
			defaultConfigurationName = Release;
		};
/* End XCConfigurationList section */
	};
	rootObject = 30DBFC701FE53F8800BB1856 /* Project object */;
}
